
Microsoft Visual Studio Solution File, Format Version 12.00
# Visual Studio Version 16
VisualStudioVersion = 16.0.29905.134
MinimumVisualStudioVersion = 10.0.40219.1
Project("{FAE04EC0-301F-11D3-BF4B-00C04F79EFBC}") = "ApiTiemposDeAlimentacion", "ApiTiemposDeAlimentacion.csproj", "{CEEDDA88-766B-4316-B2BA-638EF3F979D4}"
EndProject
Global
	GlobalSection(SolutionConfigurationPlatforms) = preSolution
		Debug|Any CPU = Debug|Any CPU
		Release|Any CPU = Release|Any CPU
	EndGlobalSection
	GlobalSection(ProjectConfigurationPlatforms) = postSolution
		{CEEDDA88-766B-4316-B2BA-638EF3F979D4}.Debug|Any CPU.ActiveCfg = Debug|Any CPU
		{CEEDDA88-766B-4316-B2BA-638EF3F979D4}.Debug|Any CPU.Build.0 = Debug|Any CPU
		{CEEDDA88-766B-4316-B2BA-638EF3F979D4}.Release|Any CPU.ActiveCfg = Release|Any CPU
		{CEEDDA88-766B-4316-B2BA-638EF3F979D4}.Release|Any CPU.Build.0 = Release|Any CPU
	EndGlobalSection
	GlobalSection(SolutionProperties) = preSolution
		HideSolutionNode = FALSE
	EndGlobalSection
	GlobalSection(ExtensibilityGlobals) = postSolution
		SolutionGuid = {61470FFE-0511-465F-8B8D-AFDD9FBB3BEB}
	EndGlobalSection
EndGlobal
